
Microsoft Visual Studio Solution File, Format Version 12.00
# Visual Studio Version 16
VisualStudioVersion = 16.0.31229.75
MinimumVisualStudioVersion = 10.0.40219.1
Project("{9A19103F-16F7-4668-BE54-9A1E7A4F7556}") = "RadiantCommon", "RadiantCommon\RadiantCommon.csproj", "{46BB830A-E57B-46E1-A972-AAD4AC676C3E}"
EndProject
Project("{9A19103F-16F7-4668-BE54-9A1E7A4F7556}") = "RadiantWebScraper", "RadiantWebScraper\RadiantWebScraper.csproj", "{5139C17E-216B-4ED8-979D-5D8B512EB1A7}"
EndProject
Project("{9A19103F-16F7-4668-BE54-9A1E7A4F7556}") = "RadiantServerConsole", "RadiantServerConsole\RadiantServerConsole.csproj", "{1A3A61D9-CA5C-4CBF-BA10-3AF304216E43}"
EndProject
Project("{9A19103F-16F7-4668-BE54-9A1E7A4F7556}") = "RadiantInputsManager", "RadiantInputsManager\RadiantInputsManager.csproj", "{2AAE3941-9BF6-4625-A6A7-0B034D312F80}"
EndProject
Project("{2150E333-8FDC-42A3-9474-1A3956D46DE8}") = "Custom", "Custom", "{3F568F1A-2E83-4ECB-9471-577C03B489DF}"
EndProject
Project("{9A19103F-16F7-4668-BE54-9A1E7A4F7556}") = "ProductsHistory", "Custom\ProductsWatcher\ProductsHistory\ProductsHistory.csproj", "{8925251A-C071-4AF1-A55D-7EE6261E379A}"
EndProject
Project("{9A19103F-16F7-4668-BE54-9A1E7A4F7556}") = "RadiantNotifier", "RadiantNotifier\RadiantNotifier.csproj", "{7607AADC-DEF2-4D6B-8BED-5409D2AE761D}"
EndProject
Project("{2150E333-8FDC-42A3-9474-1A3956D46DE8}") = "Products Watcher", "Products Watcher", "{37BF9709-16B7-42E6-ABE9-B52388D9CDA1}"
EndProject
Project("{9A19103F-16F7-4668-BE54-9A1E7A4F7556}") = "ProductsHistoryClient", "Custom\ProductsWatcher\ProductsHistoryClient\ProductsHistoryClient.csproj", "{B76A52F1-6018-4CE0-AA61-8509CEC58FC8}"
EndProject
Project("{9A19103F-16F7-4668-BE54-9A1E7A4F7556}") = "ProductsHistoryCommon", "Custom\ProductsWatcher\ProductsHistoryCommon\ProductsHistoryCommon.csproj", "{FBA41BF9-AD66-4AC3-AEE5-D973413F2150}"
EndProject
Global
	GlobalSection(SolutionConfigurationPlatforms) = preSolution
		Debug|Any CPU = Debug|Any CPU
		Release|Any CPU = Release|Any CPU
	EndGlobalSection
	GlobalSection(ProjectConfigurationPlatforms) = postSolution
		{46BB830A-E57B-46E1-A972-AAD4AC676C3E}.Debug|Any CPU.ActiveCfg = Debug|Any CPU
		{46BB830A-E57B-46E1-A972-AAD4AC676C3E}.Debug|Any CPU.Build.0 = Debug|Any CPU
		{46BB830A-E57B-46E1-A972-AAD4AC676C3E}.Release|Any CPU.ActiveCfg = Release|Any CPU
		{46BB830A-E57B-46E1-A972-AAD4AC676C3E}.Release|Any CPU.Build.0 = Release|Any CPU
		{5139C17E-216B-4ED8-979D-5D8B512EB1A7}.Debug|Any CPU.ActiveCfg = Debug|Any CPU
		{5139C17E-216B-4ED8-979D-5D8B512EB1A7}.Debug|Any CPU.Build.0 = Debug|Any CPU
		{5139C17E-216B-4ED8-979D-5D8B512EB1A7}.Release|Any CPU.ActiveCfg = Release|Any CPU
		{5139C17E-216B-4ED8-979D-5D8B512EB1A7}.Release|Any CPU.Build.0 = Release|Any CPU
		{1A3A61D9-CA5C-4CBF-BA10-3AF304216E43}.Debug|Any CPU.ActiveCfg = Debug|Any CPU
		{1A3A61D9-CA5C-4CBF-BA10-3AF304216E43}.Debug|Any CPU.Build.0 = Debug|Any CPU
		{1A3A61D9-CA5C-4CBF-BA10-3AF304216E43}.Release|Any CPU.ActiveCfg = Release|Any CPU
		{1A3A61D9-CA5C-4CBF-BA10-3AF304216E43}.Release|Any CPU.Build.0 = Release|Any CPU
		{2AAE3941-9BF6-4625-A6A7-0B034D312F80}.Debug|Any CPU.ActiveCfg = Debug|Any CPU
		{2AAE3941-9BF6-4625-A6A7-0B034D312F80}.Debug|Any CPU.Build.0 = Debug|Any CPU
		{2AAE3941-9BF6-4625-A6A7-0B034D312F80}.Release|Any CPU.ActiveCfg = Release|Any CPU
		{2AAE3941-9BF6-4625-A6A7-0B034D312F80}.Release|Any CPU.Build.0 = Release|Any CPU
		{8925251A-C071-4AF1-A55D-7EE6261E379A}.Debug|Any CPU.ActiveCfg = Debug|Any CPU
		{8925251A-C071-4AF1-A55D-7EE6261E379A}.Debug|Any CPU.Build.0 = Debug|Any CPU
		{8925251A-C071-4AF1-A55D-7EE6261E379A}.Release|Any CPU.ActiveCfg = Release|Any CPU
		{8925251A-C071-4AF1-A55D-7EE6261E379A}.Release|Any CPU.Build.0 = Release|Any CPU
		{7607AADC-DEF2-4D6B-8BED-5409D2AE761D}.Debug|Any CPU.ActiveCfg = Debug|Any CPU
		{7607AADC-DEF2-4D6B-8BED-5409D2AE761D}.Debug|Any CPU.Build.0 = Debug|Any CPU
		{7607AADC-DEF2-4D6B-8BED-5409D2AE761D}.Release|Any CPU.ActiveCfg = Release|Any CPU
		{7607AADC-DEF2-4D6B-8BED-5409D2AE761D}.Release|Any CPU.Build.0 = Release|Any CPU
		{B76A52F1-6018-4CE0-AA61-8509CEC58FC8}.Debug|Any CPU.ActiveCfg = Debug|Any CPU
		{B76A52F1-6018-4CE0-AA61-8509CEC58FC8}.Debug|Any CPU.Build.0 = Debug|Any CPU
		{B76A52F1-6018-4CE0-AA61-8509CEC58FC8}.Release|Any CPU.ActiveCfg = Release|Any CPU
		{B76A52F1-6018-4CE0-AA61-8509CEC58FC8}.Release|Any CPU.Build.0 = Release|Any CPU
		{FBA41BF9-AD66-4AC3-AEE5-D973413F2150}.Debug|Any CPU.ActiveCfg = Debug|Any CPU
		{FBA41BF9-AD66-4AC3-AEE5-D973413F2150}.Debug|Any CPU.Build.0 = Debug|Any CPU
		{FBA41BF9-AD66-4AC3-AEE5-D973413F2150}.Release|Any CPU.ActiveCfg = Release|Any CPU
		{FBA41BF9-AD66-4AC3-AEE5-D973413F2150}.Release|Any CPU.Build.0 = Release|Any CPU
	EndGlobalSection
	GlobalSection(SolutionProperties) = preSolution
		HideSolutionNode = FALSE
	EndGlobalSection
	GlobalSection(NestedProjects) = preSolution
		{8925251A-C071-4AF1-A55D-7EE6261E379A} = {37BF9709-16B7-42E6-ABE9-B52388D9CDA1}
		{37BF9709-16B7-42E6-ABE9-B52388D9CDA1} = {3F568F1A-2E83-4ECB-9471-577C03B489DF}
		{B76A52F1-6018-4CE0-AA61-8509CEC58FC8} = {37BF9709-16B7-42E6-ABE9-B52388D9CDA1}
		{FBA41BF9-AD66-4AC3-AEE5-D973413F2150} = {37BF9709-16B7-42E6-ABE9-B52388D9CDA1}
	EndGlobalSection
	GlobalSection(ExtensibilityGlobals) = postSolution
		SolutionGuid = {0B1D993C-526C-4722-8B7F-57AFF81FC466}
	EndGlobalSection
EndGlobal
